PODS:
  - AFNetworking (2.2.3):
    - AFNetworking/NSURLConnection
    - AFNetworking/NSURLSession
    - AFNetworking/Reachability
    - AFNetworking/Security
    - AFNetworking/Serialization
    - AFNetworking/UIKit
  - AFNetworking/NSURLConnection (2.2.3):
    - AFNetworking/Reachability
    - AFNetworking/Security
    - AFNetworking/Serialization
  - AFNetworking/NSURLSession (2.2.3):
    - AFNetworking/NSURLConnection
  - AFNetworking/Reachability (2.2.3)
  - AFNetworking/Security (2.2.3)
  - AFNetworking/Serialization (2.2.3)
  - AFNetworking/UIKit (2.2.3):
    - AFNetworking/NSURLConnection
    - AFNetworking/NSURLSession
  - AMSlideOutController (1.8.5)
  - AutoScrollLabel (0.2.1)
  - HexColors (2.2.1)
  - Kiwi/ARC (2.2.4)
  - Kiwi/NonARC (2.2.4)
  - Kiwi/XCTest (2.2.4):
    - Kiwi/ARC
    - Kiwi/NonARC
  - Nocilla (0.8.1)
  - OCMock (2.2.4)
  - TSFileCache (1.0.4)
  - TSMessages (0.9.8):
    - HexColors

DEPENDENCIES:
  - AFNetworking
  - AMSlideOutController
  - AutoScrollLabel (~> 0.2)
  - Kiwi/XCTest
  - Nocilla
  - OCMock (~> 2.2.3)
  - TSFileCache
  - TSMessages (~> 0.9.2)

SPEC CHECKSUMS:
  AFNetworking: 47947303319594706f48a55185ea95a95159ab94
  AMSlideOutController: 0a99192e52518ead2351dfe1fa4e405af2c4e5c3
  AutoScrollLabel: 605c089cd1ab7522b9dd11ef4e355979a245bae7
  HexColors: 01384d2bbe8dc4ffa43c3b4135db6e976952d153
  Kiwi: c73667f2b84cbf36f1a3830267c5a4ae8dcbd8ba
  Nocilla: e573c2bf9113c8d77782b695a2f9362b7bc44e72
  OCMock: 6db79185520e24f9f299548f2b8b07e41d881bd5
  TSFileCache: 9b157f4a0b1dc8c1549c66211398de9c7cf6bd63
  TSMessages: 561be51bf2e5f412dc8b08fb0ce9e0388250259b

COCOAPODS: 0.32.1
