PODS:
  - AFNetworking (2.2.0):
    - AFNetworking/NSURLConnection
    - AFNetworking/NSURLSession
    - AFNetworking/Reachability
    - AFNetworking/Security
    - AFNetworking/Serialization
    - AFNetworking/UIKit
  - AFNetworking/NSURLConnection (2.2.0):
    - AFNetworking/Reachability
    - AFNetworking/Security
    - AFNetworking/Serialization
  - AFNetworking/NSURLSession (2.2.0):
    - AFNetworking/NSURLConnection
  - AFNetworking/Reachability (2.2.0)
  - AFNetworking/Security (2.2.0)
  - AFNetworking/Serialization (2.2.0)
  - AFNetworking/UIKit (2.2.0):
    - AFNetworking/NSURLConnection
    - AFNetworking/NSURLSession
  - AMSlideMenu (1.5.2)
  - AutoScrollLabel (0.2.1)
  - HexColors (2.2.1)
  - JBKenBurnsView (0.3)
  - Kiwi/ARC (2.2.3)
  - Kiwi/NonARC (2.2.3)
  - Kiwi/XCTest (2.2.3):
    - Kiwi/ARC
    - Kiwi/NonARC
  - Nocilla (0.8.1)
  - OCMock (2.2.3)
  - TSMessages (0.9.5):
    - HexColors

DEPENDENCIES:
  - AFNetworking
  - AMSlideMenu
  - AutoScrollLabel (~> 0.2)
  - JBKenBurnsView (~> 0.3)
  - Kiwi/XCTest
  - Nocilla
  - OCMock (~> 2.2.3)
  - TSMessages (~> 0.9.2)

SPEC CHECKSUMS:
  AFNetworking: e8cfd8f3fe3bfe19124a0cc63f4d45752d892a56
  AMSlideMenu: 8c67f7362de5bc4ad568116b0f12a641c201d620
  AutoScrollLabel: 4978b57536512a3ebf4705b1b5618354bcf4ac84
  HexColors: 3a68db077cd6572a8f7d4aa1add284dd2436a934
  JBKenBurnsView: 70be145e229cdf56b11a0c73165a77f439ddc1a9
  Kiwi: 04c51e880831d291748ec702d42c4101f7eb95c9
  Nocilla: 0c8075046df476b1bc6482caa7f6a69db1a9b277
  OCMock: 74e4ddbcef134170dcc844f91c691f13868075d7
  TSMessages: ef34a0acfedb5acbcc60454824d756a0da0471c4

COCOAPODS: 0.29.0
