// !$*UTF8*$!
{
	archiveVersion = 1;
	classes = {
	};
	objectVersion = 46;
	objects = {

/* Begin PBXBuildFile section */
		1A059F3518D200B700ECC6D0 /* MHAddItemViewController.m in Sources */ = {isa = PBXBuildFile; fileRef = 1A059F2B18D200B700ECC6D0 /* MHAddItemViewController.m */; };
		1A059F3618D200B700ECC6D0 /* MHBrowseCollectionViewController.m in Sources */ = {isa = PBXBuildFile; fileRef = 1A059F2C18D200B700ECC6D0 /* MHBrowseCollectionViewController.m */; };
		1A059F3818D200B700ECC6D0 /* MHAddCollectionViewController.m in Sources */ = {isa = PBXBuildFile; fileRef = 1A059F3118D200B700ECC6D0 /* MHAddCollectionViewController.m */; };
		1A0D0B6718C7C742004B99BA /* MHLocation.m in Sources */ = {isa = PBXBuildFile; fileRef = 1A0D0B6618C7C742004B99BA /* MHLocation.m */; };
		1A0D0B6918C7DDA9004B99BA /* MHLocationTests.m in Sources */ = {isa = PBXBuildFile; fileRef = 1A0D0B6818C7DDA9004B99BA /* MHLocationTests.m */; };
		1A29F6B418EF324C00BCFB11 /* MHLocalizationViewController.m in Sources */ = {isa = PBXBuildFile; fileRef = 1A29F6B318EF324C00BCFB11 /* MHLocalizationViewController.m */; };
		2302787418B4C0A900FCD528 /* GcovTestObserver.m in Sources */ = {isa = PBXBuildFile; fileRef = 2302787318B4C0A900FCD528 /* GcovTestObserver.m */; };
		235EB3C618DDAE3C0032D769 /* MHPasswordStrengthView.m in Sources */ = {isa = PBXBuildFile; fileRef = 235EB3C518DDAE3C0032D769 /* MHPasswordStrengthView.m */; };
		235EB3C918DDF07E0032D769 /* MHLoginAndRegisterViewController.m in Sources */ = {isa = PBXBuildFile; fileRef = 235EB3C818DDF07E0032D769 /* MHLoginAndRegisterViewController.m */; };
		23D02EFB18EEAA0300114941 /* MHAPI.m in Sources */ = {isa = PBXBuildFile; fileRef = 23D02EFA18EEAA0300114941 /* MHAPI.m */; };
		23D02F0318EF38C600114941 /* MHWaitDialog.m in Sources */ = {isa = PBXBuildFile; fileRef = 23D02F0218EF38C600114941 /* MHWaitDialog.m */; };
		23D02F0A18F2026000114941 /* UIImage+Gallery.m in Sources */ = {isa = PBXBuildFile; fileRef = 23D02F0918F2026000114941 /* UIImage+Gallery.m */; };
		23D321A1184BBFFA002FC13A /* Foundation.framework in Frameworks */ = {isa = PBXBuildFile; fileRef = 23D321A0184BBFFA002FC13A /* Foundation.framework */; };
		23D321A3184BBFFA002FC13A /* CoreGraphics.framework in Frameworks */ = {isa = PBXBuildFile; fileRef = 23D321A2184BBFFA002FC13A /* CoreGraphics.framework */; };
		23D321A5184BBFFA002FC13A /* UIKit.framework in Frameworks */ = {isa = PBXBuildFile; fileRef = 23D321A4184BBFFA002FC13A /* UIKit.framework */; };
		23D321AB184BBFFA002FC13A /* InfoPlist.strings in Resources */ = {isa = PBXBuildFile; fileRef = 23D321A9184BBFFA002FC13A /* InfoPlist.strings */; };
		23D321AD184BBFFA002FC13A /* main.m in Sources */ = {isa = PBXBuildFile; fileRef = 23D321AC184BBFFA002FC13A /* main.m */; };
		23D321B1184BBFFA002FC13A /* AppDelegate.m in Sources */ = {isa = PBXBuildFile; fileRef = 23D321B0184BBFFA002FC13A /* AppDelegate.m */; };
		23D321B4184BBFFA002FC13A /* Main.storyboard in Resources */ = {isa = PBXBuildFile; fileRef = 23D321B2184BBFFA002FC13A /* Main.storyboard */; };
		23D321C0184BBFFA002FC13A /* XCTest.framework in Frameworks */ = {isa = PBXBuildFile; fileRef = 23D321BF184BBFFA002FC13A /* XCTest.framework */; };
		23D321C1184BBFFA002FC13A /* Foundation.framework in Frameworks */ = {isa = PBXBuildFile; fileRef = 23D321A0184BBFFA002FC13A /* Foundation.framework */; };
		23D321C2184BBFFA002FC13A /* UIKit.framework in Frameworks */ = {isa = PBXBuildFile; fileRef = 23D321A4184BBFFA002FC13A /* UIKit.framework */; };
		23D321CA184BBFFA002FC13A /* InfoPlist.strings in Resources */ = {isa = PBXBuildFile; fileRef = 23D321C8184BBFFA002FC13A /* InfoPlist.strings */; };
		23D321CC184BBFFA002FC13A /* MyHoardTests.m in Sources */ = {isa = PBXBuildFile; fileRef = 23D321CB184BBFFA002FC13A /* MyHoardTests.m */; };
		23DE905F18F41ED100B15424 /* MHMedia.m in Sources */ = {isa = PBXBuildFile; fileRef = 23DE905E18F41ED100B15424 /* MHMedia.m */; };
		23DE906218F41ED200B15424 /* MHItem.m in Sources */ = {isa = PBXBuildFile; fileRef = 23DE906118F41ED200B15424 /* MHItem.m */; };
		23DE906518F41ED200B15424 /* MHCollection.m in Sources */ = {isa = PBXBuildFile; fileRef = 23DE906418F41ED200B15424 /* MHCollection.m */; };
		23F27A5518D8E59F00877D30 /* MHDropDownMenuViewController.m in Sources */ = {isa = PBXBuildFile; fileRef = 23F27A5418D8E59F00877D30 /* MHDropDownMenuViewController.m */; };
		23F27A5818D8E66D00877D30 /* MHDropDownMenu.m in Sources */ = {isa = PBXBuildFile; fileRef = 23F27A5718D8E66D00877D30 /* MHDropDownMenu.m */; };
		23F27A5B18D9A6D100877D30 /* MHDropDownMenuItem.m in Sources */ = {isa = PBXBuildFile; fileRef = 23F27A5A18D9A6D100877D30 /* MHDropDownMenuItem.m */; };
		23F64D2718DE682C003420E3 /* MHTagsView.m in Sources */ = {isa = PBXBuildFile; fileRef = 23F64D2618DE682C003420E3 /* MHTagsView.m */; };
		23F64D6518E4CBBE003420E3 /* MHRoundButton.m in Sources */ = {isa = PBXBuildFile; fileRef = 23F64D6418E4CBBE003420E3 /* MHRoundButton.m */; };
		23FB2BCF18D23DDF009EFDE7 /* UIColor+customColors.m in Sources */ = {isa = PBXBuildFile; fileRef = 23FB2BCE18D23DDF009EFDE7 /* UIColor+customColors.m */; };
		53062B5418F48F8E006FC69C /* NSString+Tags.m in Sources */ = {isa = PBXBuildFile; fileRef = 53062B5318F48F8E006FC69C /* NSString+Tags.m */; };
		53062B5618F4926A006FC69C /* NSString+TagsTest.m in Sources */ = {isa = PBXBuildFile; fileRef = 53062B5518F4926A006FC69C /* NSString+TagsTest.m */; };
		537CF82C18AD643D008A7E04 /* MyHoardModel.xcdatamodeld in Sources */ = {isa = PBXBuildFile; fileRef = 537CF82A18AD643D008A7E04 /* MyHoardModel.xcdatamodeld */; };
		537CF83318AD7D6E008A7E04 /* MHCoreDataContext.m in Sources */ = {isa = PBXBuildFile; fileRef = 537CF83218AD7D6E008A7E04 /* MHCoreDataContext.m */; };
		537CF83618AD8FBF008A7E04 /* MHDatabaseManager.m in Sources */ = {isa = PBXBuildFile; fileRef = 537CF83518AD8FBF008A7E04 /* MHDatabaseManager.m */; };
		537CF83818ADFEAB008A7E04 /* MHDatabaseManagerTests.m in Sources */ = {isa = PBXBuildFile; fileRef = 537CF83718ADFEAB008A7E04 /* MHDatabaseManagerTests.m */; };
		537CF83B18AE0D5D008A7E04 /* MHCoreDataContextForTests.m in Sources */ = {isa = PBXBuildFile; fileRef = 537CF83A18AE0D5D008A7E04 /* MHCoreDataContextForTests.m */; };
		93245CA418E0931D008AFE37 /* MHItemCell.m in Sources */ = {isa = PBXBuildFile; fileRef = 93245CA318E0931D008AFE37 /* MHItemCell.m */; };
		9370CAEB18CFC1E400C77461 /* MHCollectionCell.m in Sources */ = {isa = PBXBuildFile; fileRef = 9370CAEA18CFC1E400C77461 /* MHCollectionCell.m */; };
		9370CAF418CFC30A00C77461 /* MHCollectionViewController.m in Sources */ = {isa = PBXBuildFile; fileRef = 9370CAF318CFC30A00C77461 /* MHCollectionViewController.m */; };
		93BFC82F18F30A2B00F4777C /* MHItemViewHeader.m in Sources */ = {isa = PBXBuildFile; fileRef = 93BFC82E18F30A2B00F4777C /* MHItemViewHeader.m */; };
		93C28E4218D1E83B0011E41E /* MHBaseViewController.m in Sources */ = {isa = PBXBuildFile; fileRef = 93C28E4118D1E83B0011E41E /* MHBaseViewController.m */; };
		93C7876D18C4EB3D0079359A /* ImageIO.framework in Frameworks */ = {isa = PBXBuildFile; fileRef = 93C7876C18C4EB3D0079359A /* ImageIO.framework */; };
		93CCCDF618C726D100F4A084 /* testImage.JPG in Resources */ = {isa = PBXBuildFile; fileRef = 93CCCDF518C726D100F4A084 /* testImage.JPG */; };
		A4050E81A1BC4A589193A896 /* libPods.a in Frameworks */ = {isa = PBXBuildFile; fileRef = F724743366084FAC90257055 /* libPods.a */; };
		A76BDE4618E3810100214095 /* Images.xcassets in Resources */ = {isa = PBXBuildFile; fileRef = A76BDE4518E3810100214095 /* Images.xcassets */; };
		A7E4B51418C90BB40042EAC9 /* AlternativeDesign.json in Resources */ = {isa = PBXBuildFile; fileRef = A7E4B51318C90BB40042EAC9 /* AlternativeDesign.json */; };
		B02743679DB841A98A3C2D60 /* libPods-MyHoardTests.a in Frameworks */ = {isa = PBXBuildFile; fileRef = 3A54F99CDCE2468DACC4FBD3 /* libPods-MyHoardTests.a */; };
		B8F16086EB65413C89F6F7BB /* libPods.a in Frameworks */ = {isa = PBXBuildFile; fileRef = F724743366084FAC90257055 /* libPods.a */; };
		CE09D99318F2CAE5007E8885 /* MHUserProfile.m in Sources */ = {isa = PBXBuildFile; fileRef = CE09D99218F2CAE5007E8885 /* MHUserProfile.m */; };
		CE28669618DB2A9D003AC446 /* MHKenBurns.m in Sources */ = {isa = PBXBuildFile; fileRef = CE28669418DB2A9D003AC446 /* MHKenBurns.m */; };
		CE529A7E18D8687B00A020E9 /* MHUserSettings.m in Sources */ = {isa = PBXBuildFile; fileRef = CE529A7C18D8687B00A020E9 /* MHUserSettings.m */; };
		CE529A8018D8688F00A020E9 /* MHUserSettingsTest.m in Sources */ = {isa = PBXBuildFile; fileRef = CE529A7F18D8688F00A020E9 /* MHUserSettingsTest.m */; };
		CE6C31BC18B1422100983736 /* MHItemViewController.m in Sources */ = {isa = PBXBuildFile; fileRef = CE6C31BB18B1422100983736 /* MHItemViewController.m */; };
		CE92CB5818C321EF005038D9 /* MHImagePickerViewController.m in Sources */ = {isa = PBXBuildFile; fileRef = CE92CB5618C321EF005038D9 /* MHImagePickerViewController.m */; };
		CE92CB5918C321EF005038D9 /* MHImagePickerViewController.xib in Resources */ = {isa = PBXBuildFile; fileRef = CE92CB5718C321EF005038D9 /* MHImagePickerViewController.xib */; };
		CE92CB5B18C38D4A005038D9 /* MHImagePickerViewControllerTest.m in Sources */ = {isa = PBXBuildFile; fileRef = CE92CB5A18C38D49005038D9 /* MHImagePickerViewControllerTest.m */; };
		CEA8F94518DE024600B75355 /* MHStartScreenViewController.m in Sources */ = {isa = PBXBuildFile; fileRef = CEA8F94418DE024600B75355 /* MHStartScreenViewController.m */; };
		CEABF90E18BB838D00A6A2F3 /* MHItemViewControllerTest.m in Sources */ = {isa = PBXBuildFile; fileRef = CEABF90D18BB838D00A6A2F3 /* MHItemViewControllerTest.m */; };
		CEC22B1118DF6985002E7C76 /* MHBadgeView.m in Sources */ = {isa = PBXBuildFile; fileRef = CEC22B1018DF6985002E7C76 /* MHBadgeView.m */; };
		CECB9CE418F544E800FF724E /* MHSliderMenuViewController.m in Sources */ = {isa = PBXBuildFile; fileRef = CECB9CE318F544E800FF724E /* MHSliderMenuViewController.m */; };
		CED4B03518C892A300A84155 /* Settings.bundle in Resources */ = {isa = PBXBuildFile; fileRef = CED4B03418C892A300A84155 /* Settings.bundle */; };
		CEF82A0518F0383F00058BB8 /* MHAccountViewController.m in Sources */ = {isa = PBXBuildFile; fileRef = CEF82A0018F0383F00058BB8 /* MHAccountViewController.m */; };
		CEF82A0618F0383F00058BB8 /* MHChangePasswordViewController.m in Sources */ = {isa = PBXBuildFile; fileRef = CEF82A0218F0383F00058BB8 /* MHChangePasswordViewController.m */; };
		CEF82A0718F0383F00058BB8 /* MHEditAccountViewController.m in Sources */ = {isa = PBXBuildFile; fileRef = CEF82A0418F0383F00058BB8 /* MHEditAccountViewController.m */; };
		E72AA10A18E39B8900E2FDE4 /* MHSavePhotoViewController.m in Sources */ = {isa = PBXBuildFile; fileRef = E72AA10918E39B8900E2FDE4 /* MHSavePhotoViewController.m */; };
		E74EDDBA18E6F7F200488AD1 /* UIActionSheet+ButtonState.m in Sources */ = {isa = PBXBuildFile; fileRef = E74EDDB918E6F7F200488AD1 /* UIActionSheet+ButtonState.m */; };
/* End PBXBuildFile section */

/* Begin PBXContainerItemProxy section */
		23D321C3184BBFFA002FC13A /* PBXContainerItemProxy */ = {
			isa = PBXContainerItemProxy;
			containerPortal = 23D32195184BBFF9002FC13A /* Project object */;
			proxyType = 1;
			remoteGlobalIDString = 23D3219C184BBFF9002FC13A;
			remoteInfo = MyHoard;
		};
/* End PBXContainerItemProxy section */

/* Begin PBXFileReference section */
		1A059F2B18D200B700ECC6D0 /* MHAddItemViewController.m */ = {isa = PBXFileReference; fileEncoding = 4; lastKnownFileType = sourcecode.c.objc; path = MHAddItemViewController.m; sourceTree = "<group>"; };
		1A059F2C18D200B700ECC6D0 /* MHBrowseCollectionViewController.m */ = {isa = PBXFileReference; fileEncoding = 4; lastKnownFileType = sourcecode.c.objc; path = MHBrowseCollectionViewController.m; sourceTree = "<group>"; };
		1A059F2D18D200B700ECC6D0 /* MHAddItemViewController.h */ = {isa = PBXFileReference; fileEncoding = 4; lastKnownFileType = sourcecode.c.h; path = MHAddItemViewController.h; sourceTree = "<group>"; };
		1A059F2F18D200B700ECC6D0 /* MHBrowseCollectionViewController.h */ = {isa = PBXFileReference; fileEncoding = 4; lastKnownFileType = sourcecode.c.h; path = MHBrowseCollectionViewController.h; sourceTree = "<group>"; };
		1A059F3118D200B700ECC6D0 /* MHAddCollectionViewController.m */ = {isa = PBXFileReference; fileEncoding = 4; lastKnownFileType = sourcecode.c.objc; path = MHAddCollectionViewController.m; sourceTree = "<group>"; };
		1A059F3218D200B700ECC6D0 /* MHAddCollectionViewController.h */ = {isa = PBXFileReference; fileEncoding = 4; lastKnownFileType = sourcecode.c.h; path = MHAddCollectionViewController.h; sourceTree = "<group>"; };
		1A0D0B6518C7C742004B99BA /* MHLocation.h */ = {isa = PBXFileReference; fileEncoding = 4; lastKnownFileType = sourcecode.c.h; path = MHLocation.h; sourceTree = "<group>"; };
		1A0D0B6618C7C742004B99BA /* MHLocation.m */ = {isa = PBXFileReference; fileEncoding = 4; lastKnownFileType = sourcecode.c.objc; path = MHLocation.m; sourceTree = "<group>"; };
		1A0D0B6818C7DDA9004B99BA /* MHLocationTests.m */ = {isa = PBXFileReference; fileEncoding = 4; lastKnownFileType = sourcecode.c.objc; path = MHLocationTests.m; sourceTree = "<group>"; };
		1A29F6B218EF324C00BCFB11 /* MHLocalizationViewController.h */ = {isa = PBXFileReference; fileEncoding = 4; lastKnownFileType = sourcecode.c.h; path = MHLocalizationViewController.h; sourceTree = "<group>"; };
		1A29F6B318EF324C00BCFB11 /* MHLocalizationViewController.m */ = {isa = PBXFileReference; fileEncoding = 4; lastKnownFileType = sourcecode.c.objc; path = MHLocalizationViewController.m; sourceTree = "<group>"; };
		1ABD549C18F03C0700992A44 /* MapKit.framework */ = {isa = PBXFileReference; lastKnownFileType = wrapper.framework; name = MapKit.framework; path = System/Library/Frameworks/MapKit.framework; sourceTree = SDKROOT; };
		2302787318B4C0A900FCD528 /* GcovTestObserver.m */ = {isa = PBXFileReference; fileEncoding = 4; lastKnownFileType = sourcecode.c.objc; path = GcovTestObserver.m; sourceTree = "<group>"; };
		235EB3C418DDAE3C0032D769 /* MHPasswordStrengthView.h */ = {isa = PBXFileReference; fileEncoding = 4; lastKnownFileType = sourcecode.c.h; path = MHPasswordStrengthView.h; sourceTree = "<group>"; };
		235EB3C518DDAE3C0032D769 /* MHPasswordStrengthView.m */ = {isa = PBXFileReference; fileEncoding = 4; lastKnownFileType = sourcecode.c.objc; path = MHPasswordStrengthView.m; sourceTree = "<group>"; };
		235EB3C718DDF07E0032D769 /* MHLoginAndRegisterViewController.h */ = {isa = PBXFileReference; fileEncoding = 4; lastKnownFileType = sourcecode.c.h; path = MHLoginAndRegisterViewController.h; sourceTree = "<group>"; };
		235EB3C818DDF07E0032D769 /* MHLoginAndRegisterViewController.m */ = {isa = PBXFileReference; fileEncoding = 4; lastKnownFileType = sourcecode.c.objc; path = MHLoginAndRegisterViewController.m; sourceTree = "<group>"; };
		23D02EF918EEAA0300114941 /* MHAPI.h */ = {isa = PBXFileReference; fileEncoding = 4; lastKnownFileType = sourcecode.c.h; path = MHAPI.h; sourceTree = "<group>"; };
		23D02EFA18EEAA0300114941 /* MHAPI.m */ = {isa = PBXFileReference; fileEncoding = 4; lastKnownFileType = sourcecode.c.objc; path = MHAPI.m; sourceTree = "<group>"; };
		23D02F0118EF38C600114941 /* MHWaitDialog.h */ = {isa = PBXFileReference; fileEncoding = 4; lastKnownFileType = sourcecode.c.h; path = MHWaitDialog.h; sourceTree = "<group>"; };
		23D02F0218EF38C600114941 /* MHWaitDialog.m */ = {isa = PBXFileReference; fileEncoding = 4; lastKnownFileType = sourcecode.c.objc; path = MHWaitDialog.m; sourceTree = "<group>"; };
		23D02F0818F2026000114941 /* UIImage+Gallery.h */ = {isa = PBXFileReference; fileEncoding = 4; lastKnownFileType = sourcecode.c.h; path = "UIImage+Gallery.h"; sourceTree = "<group>"; };
		23D02F0918F2026000114941 /* UIImage+Gallery.m */ = {isa = PBXFileReference; fileEncoding = 4; lastKnownFileType = sourcecode.c.objc; path = "UIImage+Gallery.m"; sourceTree = "<group>"; };
		23D3219D184BBFFA002FC13A /* MyHoard.app */ = {isa = PBXFileReference; explicitFileType = wrapper.application; includeInIndex = 0; path = MyHoard.app; sourceTree = BUILT_PRODUCTS_DIR; };
		23D321A0184BBFFA002FC13A /* Foundation.framework */ = {isa = PBXFileReference; lastKnownFileType = wrapper.framework; name = Foundation.framework; path = System/Library/Frameworks/Foundation.framework; sourceTree = SDKROOT; };
		23D321A2184BBFFA002FC13A /* CoreGraphics.framework */ = {isa = PBXFileReference; lastKnownFileType = wrapper.framework; name = CoreGraphics.framework; path = System/Library/Frameworks/CoreGraphics.framework; sourceTree = SDKROOT; };
		23D321A4184BBFFA002FC13A /* UIKit.framework */ = {isa = PBXFileReference; lastKnownFileType = wrapper.framework; name = UIKit.framework; path = System/Library/Frameworks/UIKit.framework; sourceTree = SDKROOT; };
		23D321A8184BBFFA002FC13A /* MyHoard-Info.plist */ = {isa = PBXFileReference; lastKnownFileType = text.plist.xml; path = "MyHoard-Info.plist"; sourceTree = "<group>"; };
		23D321AA184BBFFA002FC13A /* en */ = {isa = PBXFileReference; lastKnownFileType = text.plist.strings; name = en; path = en.lproj/InfoPlist.strings; sourceTree = "<group>"; };
		23D321AC184BBFFA002FC13A /* main.m */ = {isa = PBXFileReference; lastKnownFileType = sourcecode.c.objc; path = main.m; sourceTree = "<group>"; };
		23D321AE184BBFFA002FC13A /* MyHoard-Prefix.pch */ = {isa = PBXFileReference; lastKnownFileType = sourcecode.c.h; path = "MyHoard-Prefix.pch"; sourceTree = "<group>"; };
		23D321AF184BBFFA002FC13A /* AppDelegate.h */ = {isa = PBXFileReference; lastKnownFileType = sourcecode.c.h; path = AppDelegate.h; sourceTree = "<group>"; };
		23D321B0184BBFFA002FC13A /* AppDelegate.m */ = {isa = PBXFileReference; lastKnownFileType = sourcecode.c.objc; path = AppDelegate.m; sourceTree = "<group>"; };
		23D321B3184BBFFA002FC13A /* Base */ = {isa = PBXFileReference; lastKnownFileType = file.storyboard; name = Base; path = Base.lproj/Main.storyboard; sourceTree = "<group>"; };
		23D321BE184BBFFA002FC13A /* MyHoardTests.xctest */ = {isa = PBXFileReference; explicitFileType = wrapper.cfbundle; includeInIndex = 0; path = MyHoardTests.xctest; sourceTree = BUILT_PRODUCTS_DIR; };
		23D321BF184BBFFA002FC13A /* XCTest.framework */ = {isa = PBXFileReference; lastKnownFileType = wrapper.framework; name = XCTest.framework; path = Library/Frameworks/XCTest.framework; sourceTree = DEVELOPER_DIR; };
		23D321C7184BBFFA002FC13A /* MyHoardTests-Info.plist */ = {isa = PBXFileReference; lastKnownFileType = text.plist.xml; path = "MyHoardTests-Info.plist"; sourceTree = "<group>"; };
		23D321C9184BBFFA002FC13A /* en */ = {isa = PBXFileReference; lastKnownFileType = text.plist.strings; name = en; path = en.lproj/InfoPlist.strings; sourceTree = "<group>"; };
		23D321CB184BBFFA002FC13A /* MyHoardTests.m */ = {isa = PBXFileReference; lastKnownFileType = sourcecode.c.objc; path = MyHoardTests.m; sourceTree = "<group>"; };
		23DE905D18F41ED100B15424 /* MHMedia.h */ = {isa = PBXFileReference; fileEncoding = 4; lastKnownFileType = sourcecode.c.h; path = MHMedia.h; sourceTree = "<group>"; };
		23DE905E18F41ED100B15424 /* MHMedia.m */ = {isa = PBXFileReference; fileEncoding = 4; lastKnownFileType = sourcecode.c.objc; path = MHMedia.m; sourceTree = "<group>"; };
		23DE906018F41ED200B15424 /* MHItem.h */ = {isa = PBXFileReference; fileEncoding = 4; lastKnownFileType = sourcecode.c.h; path = MHItem.h; sourceTree = "<group>"; };
		23DE906118F41ED200B15424 /* MHItem.m */ = {isa = PBXFileReference; fileEncoding = 4; lastKnownFileType = sourcecode.c.objc; path = MHItem.m; sourceTree = "<group>"; };
		23DE906318F41ED200B15424 /* MHCollection.h */ = {isa = PBXFileReference; fileEncoding = 4; lastKnownFileType = sourcecode.c.h; path = MHCollection.h; sourceTree = "<group>"; };
		23DE906418F41ED200B15424 /* MHCollection.m */ = {isa = PBXFileReference; fileEncoding = 4; lastKnownFileType = sourcecode.c.objc; path = MHCollection.m; sourceTree = "<group>"; };
		23F27A5318D8E59F00877D30 /* MHDropDownMenuViewController.h */ = {isa = PBXFileReference; fileEncoding = 4; lastKnownFileType = sourcecode.c.h; path = MHDropDownMenuViewController.h; sourceTree = "<group>"; };
		23F27A5418D8E59F00877D30 /* MHDropDownMenuViewController.m */ = {isa = PBXFileReference; fileEncoding = 4; lastKnownFileType = sourcecode.c.objc; path = MHDropDownMenuViewController.m; sourceTree = "<group>"; };
		23F27A5618D8E66D00877D30 /* MHDropDownMenu.h */ = {isa = PBXFileReference; fileEncoding = 4; lastKnownFileType = sourcecode.c.h; path = MHDropDownMenu.h; sourceTree = "<group>"; };
		23F27A5718D8E66D00877D30 /* MHDropDownMenu.m */ = {isa = PBXFileReference; fileEncoding = 4; lastKnownFileType = sourcecode.c.objc; path = MHDropDownMenu.m; sourceTree = "<group>"; };
		23F27A5918D9A6D100877D30 /* MHDropDownMenuItem.h */ = {isa = PBXFileReference; fileEncoding = 4; lastKnownFileType = sourcecode.c.h; path = MHDropDownMenuItem.h; sourceTree = "<group>"; };
		23F27A5A18D9A6D100877D30 /* MHDropDownMenuItem.m */ = {isa = PBXFileReference; fileEncoding = 4; lastKnownFileType = sourcecode.c.objc; path = MHDropDownMenuItem.m; sourceTree = "<group>"; };
		23F64D2518DE682C003420E3 /* MHTagsView.h */ = {isa = PBXFileReference; fileEncoding = 4; lastKnownFileType = sourcecode.c.h; path = MHTagsView.h; sourceTree = "<group>"; };
		23F64D2618DE682C003420E3 /* MHTagsView.m */ = {isa = PBXFileReference; fileEncoding = 4; lastKnownFileType = sourcecode.c.objc; path = MHTagsView.m; sourceTree = "<group>"; };
		23F64D6318E4CBBE003420E3 /* MHRoundButton.h */ = {isa = PBXFileReference; fileEncoding = 4; lastKnownFileType = sourcecode.c.h; path = MHRoundButton.h; sourceTree = "<group>"; };
		23F64D6418E4CBBE003420E3 /* MHRoundButton.m */ = {isa = PBXFileReference; fileEncoding = 4; lastKnownFileType = sourcecode.c.objc; path = MHRoundButton.m; sourceTree = "<group>"; };
		23FB2BCD18D23DDF009EFDE7 /* UIColor+customColors.h */ = {isa = PBXFileReference; fileEncoding = 4; lastKnownFileType = sourcecode.c.h; path = "UIColor+customColors.h"; sourceTree = "<group>"; };
		23FB2BCE18D23DDF009EFDE7 /* UIColor+customColors.m */ = {isa = PBXFileReference; fileEncoding = 4; lastKnownFileType = sourcecode.c.objc; path = "UIColor+customColors.m"; sourceTree = "<group>"; };
		34776571ECDB45F8B34A8019 /* Pods.xcconfig */ = {isa = PBXFileReference; includeInIndex = 1; lastKnownFileType = text.xcconfig; name = Pods.xcconfig; path = Pods/Pods.xcconfig; sourceTree = "<group>"; };
		3A54F99CDCE2468DACC4FBD3 /* libPods-MyHoardTests.a */ = {isa = PBXFileReference; explicitFileType = archive.ar; includeInIndex = 0; path = "libPods-MyHoardTests.a"; sourceTree = BUILT_PRODUCTS_DIR; };
		53062B5218F48F8E006FC69C /* NSString+Tags.h */ = {isa = PBXFileReference; fileEncoding = 4; lastKnownFileType = sourcecode.c.h; path = "NSString+Tags.h"; sourceTree = "<group>"; };
		53062B5318F48F8E006FC69C /* NSString+Tags.m */ = {isa = PBXFileReference; fileEncoding = 4; lastKnownFileType = sourcecode.c.objc; path = "NSString+Tags.m"; sourceTree = "<group>"; };
		53062B5518F4926A006FC69C /* NSString+TagsTest.m */ = {isa = PBXFileReference; fileEncoding = 4; lastKnownFileType = sourcecode.c.objc; path = "NSString+TagsTest.m"; sourceTree = "<group>"; };
		537CF82B18AD643D008A7E04 /* MyHoardModel.xcdatamodel */ = {isa = PBXFileReference; lastKnownFileType = wrapper.xcdatamodel; path = MyHoardModel.xcdatamodel; sourceTree = "<group>"; };
		537CF83118AD7D6E008A7E04 /* MHCoreDataContext.h */ = {isa = PBXFileReference; fileEncoding = 4; lastKnownFileType = sourcecode.c.h; name = MHCoreDataContext.h; path = Database/MHCoreDataContext.h; sourceTree = "<group>"; };
		537CF83218AD7D6E008A7E04 /* MHCoreDataContext.m */ = {isa = PBXFileReference; fileEncoding = 4; lastKnownFileType = sourcecode.c.objc; name = MHCoreDataContext.m; path = Database/MHCoreDataContext.m; sourceTree = "<group>"; };
		537CF83418AD8FBF008A7E04 /* MHDatabaseManager.h */ = {isa = PBXFileReference; fileEncoding = 4; lastKnownFileType = sourcecode.c.h; name = MHDatabaseManager.h; path = Database/MHDatabaseManager.h; sourceTree = "<group>"; };
		537CF83518AD8FBF008A7E04 /* MHDatabaseManager.m */ = {isa = PBXFileReference; fileEncoding = 4; lastKnownFileType = sourcecode.c.objc; name = MHDatabaseManager.m; path = Database/MHDatabaseManager.m; sourceTree = "<group>"; };
		537CF83718ADFEAB008A7E04 /* MHDatabaseManagerTests.m */ = {isa = PBXFileReference; fileEncoding = 4; lastKnownFileType = sourcecode.c.objc; path = MHDatabaseManagerTests.m; sourceTree = "<group>"; };
		537CF83918AE0D5D008A7E04 /* MHCoreDataContextForTests.h */ = {isa = PBXFileReference; fileEncoding = 4; lastKnownFileType = sourcecode.c.h; path = MHCoreDataContextForTests.h; sourceTree = "<group>"; };
		537CF83A18AE0D5D008A7E04 /* MHCoreDataContextForTests.m */ = {isa = PBXFileReference; fileEncoding = 4; lastKnownFileType = sourcecode.c.objc; path = MHCoreDataContextForTests.m; sourceTree = "<group>"; };
		6040C246B171497C91A4ABBE /* Pods-MyHoardTests.xcconfig */ = {isa = PBXFileReference; includeInIndex = 1; lastKnownFileType = text.xcconfig; name = "Pods-MyHoardTests.xcconfig"; path = "Pods/Pods-MyHoardTests.xcconfig"; sourceTree = "<group>"; };
		93245CA218E0931D008AFE37 /* MHItemCell.h */ = {isa = PBXFileReference; fileEncoding = 4; lastKnownFileType = sourcecode.c.h; path = MHItemCell.h; sourceTree = "<group>"; };
		93245CA318E0931D008AFE37 /* MHItemCell.m */ = {isa = PBXFileReference; fileEncoding = 4; lastKnownFileType = sourcecode.c.objc; path = MHItemCell.m; sourceTree = "<group>"; };
		9370CAE918CFC1E400C77461 /* MHCollectionCell.h */ = {isa = PBXFileReference; fileEncoding = 4; lastKnownFileType = sourcecode.c.h; path = MHCollectionCell.h; sourceTree = "<group>"; };
		9370CAEA18CFC1E400C77461 /* MHCollectionCell.m */ = {isa = PBXFileReference; fileEncoding = 4; lastKnownFileType = sourcecode.c.objc; path = MHCollectionCell.m; sourceTree = "<group>"; };
		9370CAF218CFC30A00C77461 /* MHCollectionViewController.h */ = {isa = PBXFileReference; fileEncoding = 4; lastKnownFileType = sourcecode.c.h; path = MHCollectionViewController.h; sourceTree = "<group>"; };
		9370CAF318CFC30A00C77461 /* MHCollectionViewController.m */ = {isa = PBXFileReference; fileEncoding = 4; lastKnownFileType = sourcecode.c.objc; path = MHCollectionViewController.m; sourceTree = "<group>"; };
		93BFC82D18F30A2B00F4777C /* MHItemViewHeader.h */ = {isa = PBXFileReference; fileEncoding = 4; lastKnownFileType = sourcecode.c.h; path = MHItemViewHeader.h; sourceTree = "<group>"; };
		93BFC82E18F30A2B00F4777C /* MHItemViewHeader.m */ = {isa = PBXFileReference; fileEncoding = 4; lastKnownFileType = sourcecode.c.objc; path = MHItemViewHeader.m; sourceTree = "<group>"; };
		93C28E4018D1E83B0011E41E /* MHBaseViewController.h */ = {isa = PBXFileReference; fileEncoding = 4; lastKnownFileType = sourcecode.c.h; path = MHBaseViewController.h; sourceTree = "<group>"; };
		93C28E4118D1E83B0011E41E /* MHBaseViewController.m */ = {isa = PBXFileReference; fileEncoding = 4; lastKnownFileType = sourcecode.c.objc; path = MHBaseViewController.m; sourceTree = "<group>"; };
		93C7876C18C4EB3D0079359A /* ImageIO.framework */ = {isa = PBXFileReference; lastKnownFileType = wrapper.framework; name = ImageIO.framework; path = System/Library/Frameworks/ImageIO.framework; sourceTree = SDKROOT; };
		93CCCDF518C726D100F4A084 /* testImage.JPG */ = {isa = PBXFileReference; lastKnownFileType = image.jpeg; name = testImage.JPG; path = MyHoardTests/testImage.JPG; sourceTree = SOURCE_ROOT; };
		A76BDE4518E3810100214095 /* Images.xcassets */ = {isa = PBXFileReference; lastKnownFileType = folder.assetcatalog; path = Images.xcassets; sourceTree = "<group>"; };
		A7A348F218C881B600FA1B6C /* libPods-MyHoardTests-TSMessages.a */ = {isa = PBXFileReference; lastKnownFileType = archive.ar; name = "libPods-MyHoardTests-TSMessages.a"; path = "Pods/build/Debug-iphoneos/libPods-MyHoardTests-TSMessages.a"; sourceTree = "<group>"; };
		A7A348F418C88F2900FA1B6C /* libPods-TSMessages.a */ = {isa = PBXFileReference; lastKnownFileType = archive.ar; name = "libPods-TSMessages.a"; path = "Pods/build/Debug-iphoneos/libPods-TSMessages.a"; sourceTree = "<group>"; };
		A7E4B51318C90BB40042EAC9 /* AlternativeDesign.json */ = {isa = PBXFileReference; fileEncoding = 4; lastKnownFileType = text.json; path = AlternativeDesign.json; sourceTree = "<group>"; };
		CE09D99118F2CAE5007E8885 /* MHUserProfile.h */ = {isa = PBXFileReference; fileEncoding = 4; lastKnownFileType = sourcecode.c.h; path = MHUserProfile.h; sourceTree = "<group>"; };
		CE09D99218F2CAE5007E8885 /* MHUserProfile.m */ = {isa = PBXFileReference; fileEncoding = 4; lastKnownFileType = sourcecode.c.objc; path = MHUserProfile.m; sourceTree = "<group>"; };
		CE28669318DB2A9D003AC446 /* MHKenBurns.h */ = {isa = PBXFileReference; fileEncoding = 4; lastKnownFileType = sourcecode.c.h; path = MHKenBurns.h; sourceTree = "<group>"; };
		CE28669418DB2A9D003AC446 /* MHKenBurns.m */ = {isa = PBXFileReference; fileEncoding = 4; lastKnownFileType = sourcecode.c.objc; path = MHKenBurns.m; sourceTree = "<group>"; };
		CE529A7B18D8687B00A020E9 /* MHUserSettings.h */ = {isa = PBXFileReference; fileEncoding = 4; lastKnownFileType = sourcecode.c.h; path = MHUserSettings.h; sourceTree = "<group>"; };
		CE529A7C18D8687B00A020E9 /* MHUserSettings.m */ = {isa = PBXFileReference; fileEncoding = 4; lastKnownFileType = sourcecode.c.objc; path = MHUserSettings.m; sourceTree = "<group>"; };
		CE529A7F18D8688F00A020E9 /* MHUserSettingsTest.m */ = {isa = PBXFileReference; fileEncoding = 4; lastKnownFileType = sourcecode.c.objc; path = MHUserSettingsTest.m; sourceTree = "<group>"; };
		CE6C31BA18B1422100983736 /* MHItemViewController.h */ = {isa = PBXFileReference; fileEncoding = 4; lastKnownFileType = sourcecode.c.h; path = MHItemViewController.h; sourceTree = "<group>"; };
		CE6C31BB18B1422100983736 /* MHItemViewController.m */ = {isa = PBXFileReference; fileEncoding = 4; lastKnownFileType = sourcecode.c.objc; path = MHItemViewController.m; sourceTree = "<group>"; };
		CE92CB5518C321EF005038D9 /* MHImagePickerViewController.h */ = {isa = PBXFileReference; fileEncoding = 4; lastKnownFileType = sourcecode.c.h; path = MHImagePickerViewController.h; sourceTree = "<group>"; };
		CE92CB5618C321EF005038D9 /* MHImagePickerViewController.m */ = {isa = PBXFileReference; fileEncoding = 4; lastKnownFileType = sourcecode.c.objc; path = MHImagePickerViewController.m; sourceTree = "<group>"; };
		CE92CB5718C321EF005038D9 /* MHImagePickerViewController.xib */ = {isa = PBXFileReference; fileEncoding = 4; lastKnownFileType = file.xib; path = MHImagePickerViewController.xib; sourceTree = "<group>"; };
		CE92CB5A18C38D49005038D9 /* MHImagePickerViewControllerTest.m */ = {isa = PBXFileReference; fileEncoding = 4; lastKnownFileType = sourcecode.c.objc; path = MHImagePickerViewControllerTest.m; sourceTree = "<group>"; };
		CEA8F94318DE024600B75355 /* MHStartScreenViewController.h */ = {isa = PBXFileReference; fileEncoding = 4; lastKnownFileType = sourcecode.c.h; path = MHStartScreenViewController.h; sourceTree = "<group>"; };
		CEA8F94418DE024600B75355 /* MHStartScreenViewController.m */ = {isa = PBXFileReference; fileEncoding = 4; lastKnownFileType = sourcecode.c.objc; path = MHStartScreenViewController.m; sourceTree = "<group>"; };
		CEABF90D18BB838D00A6A2F3 /* MHItemViewControllerTest.m */ = {isa = PBXFileReference; fileEncoding = 4; lastKnownFileType = sourcecode.c.objc; path = MHItemViewControllerTest.m; sourceTree = "<group>"; };
		CEC22B0F18DF6985002E7C76 /* MHBadgeView.h */ = {isa = PBXFileReference; fileEncoding = 4; lastKnownFileType = sourcecode.c.h; path = MHBadgeView.h; sourceTree = "<group>"; };
		CEC22B1018DF6985002E7C76 /* MHBadgeView.m */ = {isa = PBXFileReference; fileEncoding = 4; lastKnownFileType = sourcecode.c.objc; path = MHBadgeView.m; sourceTree = "<group>"; };
		CECB9CE218F544E800FF724E /* MHSliderMenuViewController.h */ = {isa = PBXFileReference; fileEncoding = 4; lastKnownFileType = sourcecode.c.h; path = MHSliderMenuViewController.h; sourceTree = "<group>"; };
		CECB9CE318F544E800FF724E /* MHSliderMenuViewController.m */ = {isa = PBXFileReference; fileEncoding = 4; lastKnownFileType = sourcecode.c.objc; path = MHSliderMenuViewController.m; sourceTree = "<group>"; };
		CED4B03418C892A300A84155 /* Settings.bundle */ = {isa = PBXFileReference; lastKnownFileType = "wrapper.plug-in"; path = Settings.bundle; sourceTree = "<group>"; };
		CEF829FF18F0383E00058BB8 /* MHAccountViewController.h */ = {isa = PBXFileReference; fileEncoding = 4; lastKnownFileType = sourcecode.c.h; path = MHAccountViewController.h; sourceTree = "<group>"; };
		CEF82A0018F0383F00058BB8 /* MHAccountViewController.m */ = {isa = PBXFileReference; fileEncoding = 4; lastKnownFileType = sourcecode.c.objc; path = MHAccountViewController.m; sourceTree = "<group>"; };
		CEF82A0118F0383F00058BB8 /* MHChangePasswordViewController.h */ = {isa = PBXFileReference; fileEncoding = 4; lastKnownFileType = sourcecode.c.h; path = MHChangePasswordViewController.h; sourceTree = "<group>"; };
		CEF82A0218F0383F00058BB8 /* MHChangePasswordViewController.m */ = {isa = PBXFileReference; fileEncoding = 4; lastKnownFileType = sourcecode.c.objc; path = MHChangePasswordViewController.m; sourceTree = "<group>"; };
		CEF82A0318F0383F00058BB8 /* MHEditAccountViewController.h */ = {isa = PBXFileReference; fileEncoding = 4; lastKnownFileType = sourcecode.c.h; path = MHEditAccountViewController.h; sourceTree = "<group>"; };
		CEF82A0418F0383F00058BB8 /* MHEditAccountViewController.m */ = {isa = PBXFileReference; fileEncoding = 4; lastKnownFileType = sourcecode.c.objc; path = MHEditAccountViewController.m; sourceTree = "<group>"; };
		E72AA10818E39B8900E2FDE4 /* MHSavePhotoViewController.h */ = {isa = PBXFileReference; fileEncoding = 4; lastKnownFileType = sourcecode.c.h; path = MHSavePhotoViewController.h; sourceTree = "<group>"; };
		E72AA10918E39B8900E2FDE4 /* MHSavePhotoViewController.m */ = {isa = PBXFileReference; fileEncoding = 4; lastKnownFileType = sourcecode.c.objc; path = MHSavePhotoViewController.m; sourceTree = "<group>"; };
		E74EDDB818E6F7F200488AD1 /* UIActionSheet+ButtonState.h */ = {isa = PBXFileReference; fileEncoding = 4; lastKnownFileType = sourcecode.c.h; path = "UIActionSheet+ButtonState.h"; sourceTree = "<group>"; };
		E74EDDB918E6F7F200488AD1 /* UIActionSheet+ButtonState.m */ = {isa = PBXFileReference; fileEncoding = 4; lastKnownFileType = sourcecode.c.objc; path = "UIActionSheet+ButtonState.m"; sourceTree = "<group>"; };
		F724743366084FAC90257055 /* libPods.a */ = {isa = PBXFileReference; explicitFileType = archive.ar; includeInIndex = 0; path = libPods.a; sourceTree = BUILT_PRODUCTS_DIR; };
/* End PBXFileReference section */

/* Begin PBXFrameworksBuildPhase section */
		23D3219A184BBFF9002FC13A /* Frameworks */ = {
			isa = PBXFrameworksBuildPhase;
			buildActionMask = 2147483647;
			files = (
				93C7876D18C4EB3D0079359A /* ImageIO.framework in Frameworks */,
				23D321A3184BBFFA002FC13A /* CoreGraphics.framework in Frameworks */,
				23D321A5184BBFFA002FC13A /* UIKit.framework in Frameworks */,
				23D321A1184BBFFA002FC13A /* Foundation.framework in Frameworks */,
				B8F16086EB65413C89F6F7BB /* libPods.a in Frameworks */,
			);
			runOnlyForDeploymentPostprocessing = 0;
		};
		23D321BB184BBFFA002FC13A /* Frameworks */ = {
			isa = PBXFrameworksBuildPhase;
			buildActionMask = 2147483647;
			files = (
				23D321C0184BBFFA002FC13A /* XCTest.framework in Frameworks */,
				23D321C2184BBFFA002FC13A /* UIKit.framework in Frameworks */,
				23D321C1184BBFFA002FC13A /* Foundation.framework in Frameworks */,
				A4050E81A1BC4A589193A896 /* libPods.a in Frameworks */,
				B02743679DB841A98A3C2D60 /* libPods-MyHoardTests.a in Frameworks */,
			);
			runOnlyForDeploymentPostprocessing = 0;
		};
/* End PBXFrameworksBuildPhase section */

/* Begin PBXGroup section */
		235EB38C18DA03370032D769 /* MHDropDownMenu */ = {
			isa = PBXGroup;
			children = (
				23F27A5318D8E59F00877D30 /* MHDropDownMenuViewController.h */,
				23F27A5418D8E59F00877D30 /* MHDropDownMenuViewController.m */,
				23F27A5618D8E66D00877D30 /* MHDropDownMenu.h */,
				23F27A5718D8E66D00877D30 /* MHDropDownMenu.m */,
				23F27A5918D9A6D100877D30 /* MHDropDownMenuItem.h */,
				23F27A5A18D9A6D100877D30 /* MHDropDownMenuItem.m */,
			);
			name = MHDropDownMenu;
			sourceTree = "<group>";
		};
		235EB3CA18DDF1530032D769 /* LoginAndRegister */ = {
			isa = PBXGroup;
			children = (
				235EB3C418DDAE3C0032D769 /* MHPasswordStrengthView.h */,
				235EB3C518DDAE3C0032D769 /* MHPasswordStrengthView.m */,
				235EB3C718DDF07E0032D769 /* MHLoginAndRegisterViewController.h */,
				235EB3C818DDF07E0032D769 /* MHLoginAndRegisterViewController.m */,
			);
			name = LoginAndRegister;
			sourceTree = "<group>";
		};
		235EB3CB18DDF16F0032D769 /* Collections */ = {
			isa = PBXGroup;
			children = (
				CE28669318DB2A9D003AC446 /* MHKenBurns.h */,
				CE28669418DB2A9D003AC446 /* MHKenBurns.m */,
				23F64D2518DE682C003420E3 /* MHTagsView.h */,
				23F64D2618DE682C003420E3 /* MHTagsView.m */,
				9370CAE918CFC1E400C77461 /* MHCollectionCell.h */,
				9370CAEA18CFC1E400C77461 /* MHCollectionCell.m */,
				9370CAF218CFC30A00C77461 /* MHCollectionViewController.h */,
				9370CAF318CFC30A00C77461 /* MHCollectionViewController.m */,
				E74EDDB818E6F7F200488AD1 /* UIActionSheet+ButtonState.h */,
				E74EDDB918E6F7F200488AD1 /* UIActionSheet+ButtonState.m */,
			);
			name = Collections;
			sourceTree = "<group>";
		};
		23D02EFC18EEAA0F00114941 /* Networking */ = {
			isa = PBXGroup;
			children = (
				23D02EF918EEAA0300114941 /* MHAPI.h */,
				23D02EFA18EEAA0300114941 /* MHAPI.m */,
			);
			name = Networking;
			sourceTree = "<group>";
		};
		23D02F0018EF386F00114941 /* CustomViews */ = {
			isa = PBXGroup;
			children = (
				23F64D6318E4CBBE003420E3 /* MHRoundButton.h */,
				23F64D6418E4CBBE003420E3 /* MHRoundButton.m */,
				23D02F0118EF38C600114941 /* MHWaitDialog.h */,
				23D02F0218EF38C600114941 /* MHWaitDialog.m */,
			);
			name = CustomViews;
			sourceTree = "<group>";
		};
		23D02F0718F2023D00114941 /* Categories */ = {
			isa = PBXGroup;
			children = (
				23FB2BCD18D23DDF009EFDE7 /* UIColor+customColors.h */,
				23FB2BCE18D23DDF009EFDE7 /* UIColor+customColors.m */,
				23D02F0818F2026000114941 /* UIImage+Gallery.h */,
				23D02F0918F2026000114941 /* UIImage+Gallery.m */,
				53062B5218F48F8E006FC69C /* NSString+Tags.h */,
				53062B5318F48F8E006FC69C /* NSString+Tags.m */,
			);
			name = Categories;
			sourceTree = "<group>";
		};
		23D32194184BBFF9002FC13A = {
			isa = PBXGroup;
			children = (
				23D321A6184BBFFA002FC13A /* MyHoard */,
				23D321C5184BBFFA002FC13A /* MyHoardTests */,
				23D3219F184BBFFA002FC13A /* Frameworks */,
				23D3219E184BBFFA002FC13A /* Products */,
				34776571ECDB45F8B34A8019 /* Pods.xcconfig */,
				6040C246B171497C91A4ABBE /* Pods-MyHoardTests.xcconfig */,
			);
			sourceTree = "<group>";
		};
		23D3219E184BBFFA002FC13A /* Products */ = {
			isa = PBXGroup;
			children = (
				23D3219D184BBFFA002FC13A /* MyHoard.app */,
				23D321BE184BBFFA002FC13A /* MyHoardTests.xctest */,
			);
			name = Products;
			sourceTree = "<group>";
		};
		23D3219F184BBFFA002FC13A /* Frameworks */ = {
			isa = PBXGroup;
			children = (
				1ABD549C18F03C0700992A44 /* MapKit.framework */,
				A7A348F418C88F2900FA1B6C /* libPods-TSMessages.a */,
				A7A348F218C881B600FA1B6C /* libPods-MyHoardTests-TSMessages.a */,
				93C7876C18C4EB3D0079359A /* ImageIO.framework */,
				23D321A0184BBFFA002FC13A /* Foundation.framework */,
				23D321A2184BBFFA002FC13A /* CoreGraphics.framework */,
				23D321A4184BBFFA002FC13A /* UIKit.framework */,
				23D321BF184BBFFA002FC13A /* XCTest.framework */,
				F724743366084FAC90257055 /* libPods.a */,
				3A54F99CDCE2468DACC4FBD3 /* libPods-MyHoardTests.a */,
			);
			name = Frameworks;
			sourceTree = "<group>";
		};
		23D321A6184BBFFA002FC13A /* MyHoard */ = {
			isa = PBXGroup;
			children = (
				93BFC82C18F309F300F4777C /* Items */,
				537CF82918AD6282008A7E04 /* Database */,
				235EB3CB18DDF16F0032D769 /* Collections */,
				235EB3CA18DDF1530032D769 /* LoginAndRegister */,
				CEC22B1218DF699E002E7C76 /* MHBadgeView */,
				23D02EFC18EEAA0F00114941 /* Networking */,
				23D02F0018EF386F00114941 /* CustomViews */,
				23D02F0718F2023D00114941 /* Categories */,
				CE09D99418F2D8E8007E8885 /* UserSettings */,
				23D321AF184BBFFA002FC13A /* AppDelegate.h */,
				23D321B0184BBFFA002FC13A /* AppDelegate.m */,
				CE92CB5518C321EF005038D9 /* MHImagePickerViewController.h */,
				CE92CB5618C321EF005038D9 /* MHImagePickerViewController.m */,
				1A0D0B6518C7C742004B99BA /* MHLocation.h */,
				1A0D0B6618C7C742004B99BA /* MHLocation.m */,
				CE92CB5718C321EF005038D9 /* MHImagePickerViewController.xib */,
				23D321B2184BBFFA002FC13A /* Main.storyboard */,
				CEF82A0818F0384700058BB8 /* Profile */,
				CECB9CE218F544E800FF724E /* MHSliderMenuViewController.h */,
				CECB9CE318F544E800FF724E /* MHSliderMenuViewController.m */,
				E72AA10818E39B8900E2FDE4 /* MHSavePhotoViewController.h */,
				E72AA10918E39B8900E2FDE4 /* MHSavePhotoViewController.m */,
				CEA8F94318DE024600B75355 /* MHStartScreenViewController.h */,
				CEA8F94418DE024600B75355 /* MHStartScreenViewController.m */,
				1A059F2F18D200B700ECC6D0 /* MHBrowseCollectionViewController.h */,
				1A059F2C18D200B700ECC6D0 /* MHBrowseCollectionViewController.m */,
				1A29F6B218EF324C00BCFB11 /* MHLocalizationViewController.h */,
				1A29F6B318EF324C00BCFB11 /* MHLocalizationViewController.m */,
				1A059F2D18D200B700ECC6D0 /* MHAddItemViewController.h */,
				1A059F2B18D200B700ECC6D0 /* MHAddItemViewController.m */,
				1A059F3218D200B700ECC6D0 /* MHAddCollectionViewController.h */,
				1A059F3118D200B700ECC6D0 /* MHAddCollectionViewController.m */,
				93C28E4018D1E83B0011E41E /* MHBaseViewController.h */,
				93C28E4118D1E83B0011E41E /* MHBaseViewController.m */,
				A76BDE4518E3810100214095 /* Images.xcassets */,
				23D321A7184BBFFA002FC13A /* Supporting Files */,
				CED4B03418C892A300A84155 /* Settings.bundle */,
				235EB38C18DA03370032D769 /* MHDropDownMenu */,
			);
			path = MyHoard;
			sourceTree = "<group>";
		};
		23D321A7184BBFFA002FC13A /* Supporting Files */ = {
			isa = PBXGroup;
			children = (
				A7E4B51318C90BB40042EAC9 /* AlternativeDesign.json */,
				23D321A8184BBFFA002FC13A /* MyHoard-Info.plist */,
				23D321A9184BBFFA002FC13A /* InfoPlist.strings */,
				23D321AC184BBFFA002FC13A /* main.m */,
				23D321AE184BBFFA002FC13A /* MyHoard-Prefix.pch */,
			);
			name = "Supporting Files";
			sourceTree = "<group>";
		};
		23D321C5184BBFFA002FC13A /* MyHoardTests */ = {
			isa = PBXGroup;
			children = (
				CE529A7F18D8688F00A020E9 /* MHUserSettingsTest.m */,
				93CCCDF518C726D100F4A084 /* testImage.JPG */,
				CE92CB5A18C38D49005038D9 /* MHImagePickerViewControllerTest.m */,
				CEABF90D18BB838D00A6A2F3 /* MHItemViewControllerTest.m */,
				23D321CB184BBFFA002FC13A /* MyHoardTests.m */,
				1A0D0B6818C7DDA9004B99BA /* MHLocationTests.m */,
				537CF83718ADFEAB008A7E04 /* MHDatabaseManagerTests.m */,
				53062B5518F4926A006FC69C /* NSString+TagsTest.m */,
				537CF83C18AE0D6E008A7E04 /* Helpers */,
				23D321C6184BBFFA002FC13A /* Supporting Files */,
			);
			path = MyHoardTests;
			sourceTree = "<group>";
		};
		23D321C6184BBFFA002FC13A /* Supporting Files */ = {
			isa = PBXGroup;
			children = (
				23D321C7184BBFFA002FC13A /* MyHoardTests-Info.plist */,
				23D321C8184BBFFA002FC13A /* InfoPlist.strings */,
				2302787318B4C0A900FCD528 /* GcovTestObserver.m */,
			);
			name = "Supporting Files";
			sourceTree = "<group>";
		};
		537CF82918AD6282008A7E04 /* Database */ = {
			isa = PBXGroup;
			children = (
				537CF82A18AD643D008A7E04 /* MyHoardModel.xcdatamodeld */,
				23DE906318F41ED200B15424 /* MHCollection.h */,
				23DE906418F41ED200B15424 /* MHCollection.m */,
				23DE906018F41ED200B15424 /* MHItem.h */,
				23DE906118F41ED200B15424 /* MHItem.m */,
				23DE905D18F41ED100B15424 /* MHMedia.h */,
				23DE905E18F41ED100B15424 /* MHMedia.m */,
				537CF83118AD7D6E008A7E04 /* MHCoreDataContext.h */,
				537CF83218AD7D6E008A7E04 /* MHCoreDataContext.m */,
				537CF83418AD8FBF008A7E04 /* MHDatabaseManager.h */,
				537CF83518AD8FBF008A7E04 /* MHDatabaseManager.m */,
			);
			name = Database;
			sourceTree = "<group>";
		};
		537CF83C18AE0D6E008A7E04 /* Helpers */ = {
			isa = PBXGroup;
			children = (
				537CF83918AE0D5D008A7E04 /* MHCoreDataContextForTests.h */,
				537CF83A18AE0D5D008A7E04 /* MHCoreDataContextForTests.m */,
			);
			name = Helpers;
			sourceTree = "<group>";
		};
		93BFC82C18F309F300F4777C /* Items */ = {
			isa = PBXGroup;
			children = (
				CE6C31BA18B1422100983736 /* MHItemViewController.h */,
				CE6C31BB18B1422100983736 /* MHItemViewController.m */,
				93245CA218E0931D008AFE37 /* MHItemCell.h */,
				93245CA318E0931D008AFE37 /* MHItemCell.m */,
				93BFC82D18F30A2B00F4777C /* MHItemViewHeader.h */,
				93BFC82E18F30A2B00F4777C /* MHItemViewHeader.m */,
			);
			name = Items;
			sourceTree = "<group>";
		};
		CE09D99418F2D8E8007E8885 /* UserSettings */ = {
			isa = PBXGroup;
			children = (
				CE09D99118F2CAE5007E8885 /* MHUserProfile.h */,
				CE09D99218F2CAE5007E8885 /* MHUserProfile.m */,
				CE529A7B18D8687B00A020E9 /* MHUserSettings.h */,
				CE529A7C18D8687B00A020E9 /* MHUserSettings.m */,
			);
			name = UserSettings;
			sourceTree = "<group>";
		};
		CEC22B1218DF699E002E7C76 /* MHBadgeView */ = {
			isa = PBXGroup;
			children = (
				CEC22B0F18DF6985002E7C76 /* MHBadgeView.h */,
				CEC22B1018DF6985002E7C76 /* MHBadgeView.m */,
			);
			name = MHBadgeView;
			sourceTree = "<group>";
		};
		CEF82A0818F0384700058BB8 /* Profile */ = {
			isa = PBXGroup;
			children = (
				CEF829FF18F0383E00058BB8 /* MHAccountViewController.h */,
				CEF82A0018F0383F00058BB8 /* MHAccountViewController.m */,
				CEF82A0118F0383F00058BB8 /* MHChangePasswordViewController.h */,
				CEF82A0218F0383F00058BB8 /* MHChangePasswordViewController.m */,
				CEF82A0318F0383F00058BB8 /* MHEditAccountViewController.h */,
				CEF82A0418F0383F00058BB8 /* MHEditAccountViewController.m */,
			);
			name = Profile;
			sourceTree = "<group>";
		};
/* End PBXGroup section */

/* Begin PBXNativeTarget section */
		23D3219C184BBFF9002FC13A /* MyHoard */ = {
			isa = PBXNativeTarget;
			buildConfigurationList = 23D321CF184BBFFA002FC13A /* Build configuration list for PBXNativeTarget "MyHoard" */;
			buildPhases = (
				A75E22F66B07495081ACF606 /* Check Pods Manifest.lock */,
				23D32199184BBFF9002FC13A /* Sources */,
				23D3219A184BBFF9002FC13A /* Frameworks */,
				23D3219B184BBFF9002FC13A /* Resources */,
				569C4956B06B403889E8304E /* Copy Pods Resources */,
			);
			buildRules = (
			);
			dependencies = (
			);
			name = MyHoard;
			productName = MyHoard;
			productReference = 23D3219D184BBFFA002FC13A /* MyHoard.app */;
			productType = "com.apple.product-type.application";
		};
		23D321BD184BBFFA002FC13A /* MyHoardTests */ = {
			isa = PBXNativeTarget;
			buildConfigurationList = 23D321D2184BBFFA002FC13A /* Build configuration list for PBXNativeTarget "MyHoardTests" */;
			buildPhases = (
				5B7009FC4C5448EC8766E697 /* Check Pods Manifest.lock */,
				23D321BA184BBFFA002FC13A /* Sources */,
				23D321BB184BBFFA002FC13A /* Frameworks */,
				23D321BC184BBFFA002FC13A /* Resources */,
				F0E96650E0BE474BA1F035E0 /* Copy Pods Resources */,
			);
			buildRules = (
			);
			dependencies = (
				23D321C4184BBFFA002FC13A /* PBXTargetDependency */,
			);
			name = MyHoardTests;
			productName = MyHoardTests;
			productReference = 23D321BE184BBFFA002FC13A /* MyHoardTests.xctest */;
			productType = "com.apple.product-type.bundle.unit-test";
		};
/* End PBXNativeTarget section */

/* Begin PBXProject section */
		23D32195184BBFF9002FC13A /* Project object */ = {
			isa = PBXProject;
			attributes = {
				CLASSPREFIX = MH;
				LastUpgradeCheck = 0510;
				ORGANIZATIONNAME = BLStream;
				TargetAttributes = {
					23D321BD184BBFFA002FC13A = {
						TestTargetID = 23D3219C184BBFF9002FC13A;
					};
				};
			};
			buildConfigurationList = 23D32198184BBFF9002FC13A /* Build configuration list for PBXProject "MyHoard" */;
			compatibilityVersion = "Xcode 3.2";
			developmentRegion = English;
			hasScannedForEncodings = 0;
			knownRegions = (
				en,
				Base,
			);
			mainGroup = 23D32194184BBFF9002FC13A;
			productRefGroup = 23D3219E184BBFFA002FC13A /* Products */;
			projectDirPath = "";
			projectRoot = "";
			targets = (
				23D3219C184BBFF9002FC13A /* MyHoard */,
				23D321BD184BBFFA002FC13A /* MyHoardTests */,
			);
		};
/* End PBXProject section */

/* Begin PBXResourcesBuildPhase section */
		23D3219B184BBFF9002FC13A /* Resources */ = {
			isa = PBXResourcesBuildPhase;
			buildActionMask = 2147483647;
			files = (
				CE92CB5918C321EF005038D9 /* MHImagePickerViewController.xib in Resources */,
				CED4B03518C892A300A84155 /* Settings.bundle in Resources */,
				A7E4B51418C90BB40042EAC9 /* AlternativeDesign.json in Resources */,
				A76BDE4618E3810100214095 /* Images.xcassets in Resources */,
				23D321AB184BBFFA002FC13A /* InfoPlist.strings in Resources */,
				23D321B4184BBFFA002FC13A /* Main.storyboard in Resources */,
			);
			runOnlyForDeploymentPostprocessing = 0;
		};
		23D321BC184BBFFA002FC13A /* Resources */ = {
			isa = PBXResourcesBuildPhase;
			buildActionMask = 2147483647;
			files = (
				23D321CA184BBFFA002FC13A /* InfoPlist.strings in Resources */,
				93CCCDF618C726D100F4A084 /* testImage.JPG in Resources */,
			);
			runOnlyForDeploymentPostprocessing = 0;
		};
/* End PBXResourcesBuildPhase section */

/* Begin PBXShellScriptBuildPhase section */
		569C4956B06B403889E8304E /* Copy Pods Resources */ = {
			isa = PBXShellScriptBuildPhase;
			buildActionMask = 2147483647;
			files = (
			);
			inputPaths = (
			);
			name = "Copy Pods Resources";
			outputPaths = (
			);
			runOnlyForDeploymentPostprocessing = 0;
			shellPath = /bin/sh;
			shellScript = "\"${SRCROOT}/Pods/Pods-resources.sh\"\n";
			showEnvVarsInLog = 0;
		};
		5B7009FC4C5448EC8766E697 /* Check Pods Manifest.lock */ = {
			isa = PBXShellScriptBuildPhase;
			buildActionMask = 2147483647;
			files = (
			);
			inputPaths = (
			);
			name = "Check Pods Manifest.lock";
			outputPaths = (
			);
			runOnlyForDeploymentPostprocessing = 0;
			shellPath = /bin/sh;
			shellScript = "diff \"${PODS_ROOT}/../Podfile.lock\" \"${PODS_ROOT}/Manifest.lock\" > /dev/null\nif [[ $? != 0 ]] ; then\n    cat << EOM\nerror: The sandbox is not in sync with the Podfile.lock. Run 'pod install' or update your CocoaPods installation.\nEOM\n    exit 1\nfi\n";
			showEnvVarsInLog = 0;
		};
		A75E22F66B07495081ACF606 /* Check Pods Manifest.lock */ = {
			isa = PBXShellScriptBuildPhase;
			buildActionMask = 2147483647;
			files = (
			);
			inputPaths = (
			);
			name = "Check Pods Manifest.lock";
			outputPaths = (
			);
			runOnlyForDeploymentPostprocessing = 0;
			shellPath = /bin/sh;
			shellScript = "diff \"${PODS_ROOT}/../Podfile.lock\" \"${PODS_ROOT}/Manifest.lock\" > /dev/null\nif [[ $? != 0 ]] ; then\n    cat << EOM\nerror: The sandbox is not in sync with the Podfile.lock. Run 'pod install' or update your CocoaPods installation.\nEOM\n    exit 1\nfi\n";
			showEnvVarsInLog = 0;
		};
		F0E96650E0BE474BA1F035E0 /* Copy Pods Resources */ = {
			isa = PBXShellScriptBuildPhase;
			buildActionMask = 2147483647;
			files = (
			);
			inputPaths = (
			);
			name = "Copy Pods Resources";
			outputPaths = (
			);
			runOnlyForDeploymentPostprocessing = 0;
			shellPath = /bin/sh;
			shellScript = "\"${SRCROOT}/Pods/Pods-MyHoardTests-resources.sh\"\n";
			showEnvVarsInLog = 0;
		};
/* End PBXShellScriptBuildPhase section */

/* Begin PBXSourcesBuildPhase section */
		23D32199184BBFF9002FC13A /* Sources */ = {
			isa = PBXSourcesBuildPhase;
			buildActionMask = 2147483647;
			files = (
				1A059F3618D200B700ECC6D0 /* MHBrowseCollectionViewController.m in Sources */,
				23F27A5818D8E66D00877D30 /* MHDropDownMenu.m in Sources */,
				CE529A7E18D8687B00A020E9 /* MHUserSettings.m in Sources */,
				23DE906218F41ED200B15424 /* MHItem.m in Sources */,
				23D321B1184BBFFA002FC13A /* AppDelegate.m in Sources */,
				23DE906518F41ED200B15424 /* MHCollection.m in Sources */,
				CECB9CE418F544E800FF724E /* MHSliderMenuViewController.m in Sources */,
				537CF83618AD8FBF008A7E04 /* MHDatabaseManager.m in Sources */,
				9370CAEB18CFC1E400C77461 /* MHCollectionCell.m in Sources */,
				CE09D99318F2CAE5007E8885 /* MHUserProfile.m in Sources */,
				23F27A5518D8E59F00877D30 /* MHDropDownMenuViewController.m in Sources */,
				23DE905F18F41ED100B15424 /* MHMedia.m in Sources */,
				CEF82A0718F0383F00058BB8 /* MHEditAccountViewController.m in Sources */,
				93245CA418E0931D008AFE37 /* MHItemCell.m in Sources */,
				23D02EFB18EEAA0300114941 /* MHAPI.m in Sources */,
				E74EDDBA18E6F7F200488AD1 /* UIActionSheet+ButtonState.m in Sources */,
				23D02F0A18F2026000114941 /* UIImage+Gallery.m in Sources */,
				CE92CB5818C321EF005038D9 /* MHImagePickerViewController.m in Sources */,
				CEA8F94518DE024600B75355 /* MHStartScreenViewController.m in Sources */,
				1A0D0B6718C7C742004B99BA /* MHLocation.m in Sources */,
				CEC22B1118DF6985002E7C76 /* MHBadgeView.m in Sources */,
				CEF82A0618F0383F00058BB8 /* MHChangePasswordViewController.m in Sources */,
				235EB3C918DDF07E0032D769 /* MHLoginAndRegisterViewController.m in Sources */,
				CE6C31BC18B1422100983736 /* MHItemViewController.m in Sources */,
				537CF82C18AD643D008A7E04 /* MyHoardModel.xcdatamodeld in Sources */,
				23D02F0318EF38C600114941 /* MHWaitDialog.m in Sources */,
				23F64D2718DE682C003420E3 /* MHTagsView.m in Sources */,
				23D321AD184BBFFA002FC13A /* main.m in Sources */,
				9370CAF418CFC30A00C77461 /* MHCollectionViewController.m in Sources */,
				53062B5418F48F8E006FC69C /* NSString+Tags.m in Sources */,
				1A059F3818D200B700ECC6D0 /* MHAddCollectionViewController.m in Sources */,
				1A059F3518D200B700ECC6D0 /* MHAddItemViewController.m in Sources */,
				CEF82A0518F0383F00058BB8 /* MHAccountViewController.m in Sources */,
				23F64D6518E4CBBE003420E3 /* MHRoundButton.m in Sources */,
				93C28E4218D1E83B0011E41E /* MHBaseViewController.m in Sources */,
				93BFC82F18F30A2B00F4777C /* MHItemViewHeader.m in Sources */,
				235EB3C618DDAE3C0032D769 /* MHPasswordStrengthView.m in Sources */,
				1A29F6B418EF324C00BCFB11 /* MHLocalizationViewController.m in Sources */,
				23FB2BCF18D23DDF009EFDE7 /* UIColor+customColors.m in Sources */,
				23F27A5B18D9A6D100877D30 /* MHDropDownMenuItem.m in Sources */,
				CE28669618DB2A9D003AC446 /* MHKenBurns.m in Sources */,
				537CF83318AD7D6E008A7E04 /* MHCoreDataContext.m in Sources */,
				E72AA10A18E39B8900E2FDE4 /* MHSavePhotoViewController.m in Sources */,
			);
			runOnlyForDeploymentPostprocessing = 0;
		};
		23D321BA184BBFFA002FC13A /* Sources */ = {
			isa = PBXSourcesBuildPhase;
			buildActionMask = 2147483647;
			files = (
				53062B5618F4926A006FC69C /* NSString+TagsTest.m in Sources */,
				2302787418B4C0A900FCD528 /* GcovTestObserver.m in Sources */,
				CE92CB5B18C38D4A005038D9 /* MHImagePickerViewControllerTest.m in Sources */,
				23D321CC184BBFFA002FC13A /* MyHoardTests.m in Sources */,
				537CF83B18AE0D5D008A7E04 /* MHCoreDataContextForTests.m in Sources */,
				CEABF90E18BB838D00A6A2F3 /* MHItemViewControllerTest.m in Sources */,
				CE529A8018D8688F00A020E9 /* MHUserSettingsTest.m in Sources */,
				1A0D0B6918C7DDA9004B99BA /* MHLocationTests.m in Sources */,
				537CF83818ADFEAB008A7E04 /* MHDatabaseManagerTests.m in Sources */,
			);
			runOnlyForDeploymentPostprocessing = 0;
		};
/* End PBXSourcesBuildPhase section */

/* Begin PBXTargetDependency section */
		23D321C4184BBFFA002FC13A /* PBXTargetDependency */ = {
			isa = PBXTargetDependency;
			target = 23D3219C184BBFF9002FC13A /* MyHoard */;
			targetProxy = 23D321C3184BBFFA002FC13A /* PBXContainerItemProxy */;
		};
/* End PBXTargetDependency section */

/* Begin PBXVariantGroup section */
		23D321A9184BBFFA002FC13A /* InfoPlist.strings */ = {
			isa = PBXVariantGroup;
			children = (
				23D321AA184BBFFA002FC13A /* en */,
			);
			name = InfoPlist.strings;
			sourceTree = "<group>";
		};
		23D321B2184BBFFA002FC13A /* Main.storyboard */ = {
			isa = PBXVariantGroup;
			children = (
				23D321B3184BBFFA002FC13A /* Base */,
			);
			name = Main.storyboard;
			sourceTree = "<group>";
		};
		23D321C8184BBFFA002FC13A /* InfoPlist.strings */ = {
			isa = PBXVariantGroup;
			children = (
				23D321C9184BBFFA002FC13A /* en */,
			);
			name = InfoPlist.strings;
			sourceTree = "<group>";
		};
/* End PBXVariantGroup section */

/* Begin XCBuildConfiguration section */
		23D321CD184BBFFA002FC13A /* Debug */ = {
			isa = XCBuildConfiguration;
			buildSettings = {
				ALWAYS_SEARCH_USER_PATHS = NO;
				CLANG_CXX_LANGUAGE_STANDARD = "gnu++0x";
				CLANG_CXX_LIBRARY = "libc++";
				CLANG_ENABLE_MODULES = YES;
				CLANG_ENABLE_OBJC_ARC = YES;
				CLANG_WARN_BOOL_CONVERSION = YES;
				CLANG_WARN_CONSTANT_CONVERSION = YES;
				CLANG_WARN_DIRECT_OBJC_ISA_USAGE = YES_ERROR;
				CLANG_WARN_EMPTY_BODY = YES;
				CLANG_WARN_ENUM_CONVERSION = YES;
				CLANG_WARN_INT_CONVERSION = YES;
				CLANG_WARN_OBJC_ROOT_CLASS = YES_ERROR;
				CLANG_WARN__DUPLICATE_METHOD_MATCH = YES;
				"CODE_SIGN_IDENTITY[sdk=iphoneos*]" = "iPhone Developer";
				COPY_PHASE_STRIP = NO;
				GCC_C_LANGUAGE_STANDARD = gnu99;
				GCC_DYNAMIC_NO_PIC = NO;
				GCC_OPTIMIZATION_LEVEL = 0;
				GCC_PREPROCESSOR_DEFINITIONS = (
					"DEBUG=1",
					"$(inherited)",
				);
				GCC_SYMBOLS_PRIVATE_EXTERN = NO;
				GCC_WARN_64_TO_32_BIT_CONVERSION = YES;
				GCC_WARN_ABOUT_RETURN_TYPE = YES_ERROR;
				GCC_WARN_UNDECLARED_SELECTOR = YES;
				GCC_WARN_UNINITIALIZED_AUTOS = YES;
				GCC_WARN_UNUSED_FUNCTION = YES;
				GCC_WARN_UNUSED_VARIABLE = YES;
				IPHONEOS_DEPLOYMENT_TARGET = 7.0;
				ONLY_ACTIVE_ARCH = YES;
				SDKROOT = iphoneos;
			};
			name = Debug;
		};
		23D321CE184BBFFA002FC13A /* Release */ = {
			isa = XCBuildConfiguration;
			buildSettings = {
				ALWAYS_SEARCH_USER_PATHS = NO;
				CLANG_CXX_LANGUAGE_STANDARD = "gnu++0x";
				CLANG_CXX_LIBRARY = "libc++";
				CLANG_ENABLE_MODULES = YES;
				CLANG_ENABLE_OBJC_ARC = YES;
				CLANG_WARN_BOOL_CONVERSION = YES;
				CLANG_WARN_CONSTANT_CONVERSION = YES;
				CLANG_WARN_DIRECT_OBJC_ISA_USAGE = YES_ERROR;
				CLANG_WARN_EMPTY_BODY = YES;
				CLANG_WARN_ENUM_CONVERSION = YES;
				CLANG_WARN_INT_CONVERSION = YES;
				CLANG_WARN_OBJC_ROOT_CLASS = YES_ERROR;
				CLANG_WARN__DUPLICATE_METHOD_MATCH = YES;
				"CODE_SIGN_IDENTITY[sdk=iphoneos*]" = "iPhone Developer";
				COPY_PHASE_STRIP = YES;
				ENABLE_NS_ASSERTIONS = NO;
				GCC_C_LANGUAGE_STANDARD = gnu99;
				GCC_WARN_64_TO_32_BIT_CONVERSION = YES;
				GCC_WARN_ABOUT_RETURN_TYPE = YES_ERROR;
				GCC_WARN_UNDECLARED_SELECTOR = YES;
				GCC_WARN_UNINITIALIZED_AUTOS = YES;
				GCC_WARN_UNUSED_FUNCTION = YES;
				GCC_WARN_UNUSED_VARIABLE = YES;
				IPHONEOS_DEPLOYMENT_TARGET = 7.0;
				SDKROOT = iphoneos;
				VALIDATE_PRODUCT = YES;
			};
			name = Release;
		};
		23D321D0184BBFFA002FC13A /* Debug */ = {
			isa = XCBuildConfiguration;
			baseConfigurationReference = 34776571ECDB45F8B34A8019 /* Pods.xcconfig */;
			buildSettings = {
				ASSETCATALOG_COMPILER_APPICON_NAME = AppIcon;
				ASSETCATALOG_COMPILER_LAUNCHIMAGE_NAME = LaunchImage;
				CODE_SIGN_IDENTITY = "";
				"CODE_SIGN_IDENTITY[sdk=iphoneos*]" = "iPhone Developer";
				GCC_GENERATE_TEST_COVERAGE_FILES = YES;
				GCC_INSTRUMENT_PROGRAM_FLOW_ARCS = YES;
				GCC_PRECOMPILE_PREFIX_HEADER = YES;
				GCC_PREFIX_HEADER = "MyHoard/MyHoard-Prefix.pch";
				INFOPLIST_FILE = "MyHoard/MyHoard-Info.plist";
				IPHONEOS_DEPLOYMENT_TARGET = 6.0;
				PRODUCT_NAME = "$(TARGET_NAME)";
				WRAPPER_EXTENSION = app;
			};
			name = Debug;
		};
		23D321D1184BBFFA002FC13A /* Release */ = {
			isa = XCBuildConfiguration;
			baseConfigurationReference = 34776571ECDB45F8B34A8019 /* Pods.xcconfig */;
			buildSettings = {
				ASSETCATALOG_COMPILER_APPICON_NAME = AppIcon;
				ASSETCATALOG_COMPILER_LAUNCHIMAGE_NAME = LaunchImage;
				CODE_SIGN_IDENTITY = "iPhone Distribution";
				GCC_GENERATE_TEST_COVERAGE_FILES = YES;
				GCC_INSTRUMENT_PROGRAM_FLOW_ARCS = YES;
				GCC_PRECOMPILE_PREFIX_HEADER = YES;
				GCC_PREFIX_HEADER = "MyHoard/MyHoard-Prefix.pch";
				INFOPLIST_FILE = "MyHoard/MyHoard-Info.plist";
				IPHONEOS_DEPLOYMENT_TARGET = 6.0;
				PRODUCT_NAME = "$(TARGET_NAME)";
				WRAPPER_EXTENSION = app;
			};
			name = Release;
		};
		23D321D3184BBFFA002FC13A /* Debug */ = {
			isa = XCBuildConfiguration;
			baseConfigurationReference = 6040C246B171497C91A4ABBE /* Pods-MyHoardTests.xcconfig */;
			buildSettings = {
				BUNDLE_LOADER = "$(BUILT_PRODUCTS_DIR)/MyHoard.app/MyHoard";
				FRAMEWORK_SEARCH_PATHS = (
					"$(SDKROOT)/Developer/Library/Frameworks",
					"$(inherited)",
					"$(DEVELOPER_FRAMEWORKS_DIR)",
				);
				GCC_PRECOMPILE_PREFIX_HEADER = YES;
				GCC_PREFIX_HEADER = "MyHoard/MyHoard-Prefix.pch";
				GCC_PREPROCESSOR_DEFINITIONS = (
					"DEBUG=1",
					"$(inherited)",
				);
				INFOPLIST_FILE = "MyHoardTests/MyHoardTests-Info.plist";
				PRODUCT_NAME = "$(TARGET_NAME)";
				TEST_HOST = "$(BUNDLE_LOADER)";
				WRAPPER_EXTENSION = xctest;
			};
			name = Debug;
		};
		23D321D4184BBFFA002FC13A /* Release */ = {
			isa = XCBuildConfiguration;
			baseConfigurationReference = 6040C246B171497C91A4ABBE /* Pods-MyHoardTests.xcconfig */;
			buildSettings = {
				BUNDLE_LOADER = "$(BUILT_PRODUCTS_DIR)/MyHoard.app/MyHoard";
				FRAMEWORK_SEARCH_PATHS = (
					"$(SDKROOT)/Developer/Library/Frameworks",
					"$(inherited)",
					"$(DEVELOPER_FRAMEWORKS_DIR)",
				);
				GCC_PRECOMPILE_PREFIX_HEADER = YES;
				GCC_PREFIX_HEADER = "MyHoard/MyHoard-Prefix.pch";
				INFOPLIST_FILE = "MyHoardTests/MyHoardTests-Info.plist";
				PRODUCT_NAME = "$(TARGET_NAME)";
				TEST_HOST = "$(BUNDLE_LOADER)";
				WRAPPER_EXTENSION = xctest;
			};
			name = Release;
		};
/* End XCBuildConfiguration section */

/* Begin XCConfigurationList section */
		23D32198184BBFF9002FC13A /* Build configuration list for PBXProject "MyHoard" */ = {
			isa = XCConfigurationList;
			buildConfigurations = (
				23D321CD184BBFFA002FC13A /* Debug */,
				23D321CE184BBFFA002FC13A /* Release */,
			);
			defaultConfigurationIsVisible = 0;
			defaultConfigurationName = Release;
		};
		23D321CF184BBFFA002FC13A /* Build configuration list for PBXNativeTarget "MyHoard" */ = {
			isa = XCConfigurationList;
			buildConfigurations = (
				23D321D0184BBFFA002FC13A /* Debug */,
				23D321D1184BBFFA002FC13A /* Release */,
			);
			defaultConfigurationIsVisible = 0;
			defaultConfigurationName = Release;
		};
		23D321D2184BBFFA002FC13A /* Build configuration list for PBXNativeTarget "MyHoardTests" */ = {
			isa = XCConfigurationList;
			buildConfigurations = (
				23D321D3184BBFFA002FC13A /* Debug */,
				23D321D4184BBFFA002FC13A /* Release */,
			);
			defaultConfigurationIsVisible = 0;
			defaultConfigurationName = Release;
		};
/* End XCConfigurationList section */

/* Begin XCVersionGroup section */
		537CF82A18AD643D008A7E04 /* MyHoardModel.xcdatamodeld */ = {
			isa = XCVersionGroup;
			children = (
				537CF82B18AD643D008A7E04 /* MyHoardModel.xcdatamodel */,
			);
			currentVersion = 537CF82B18AD643D008A7E04 /* MyHoardModel.xcdatamodel */;
			name = MyHoardModel.xcdatamodeld;
			path = Database/MyHoardModel.xcdatamodeld;
			sourceTree = "<group>";
			versionGroupType = wrapper.xcdatamodel;
		};
/* End XCVersionGroup section */
	};
	rootObject = 23D32195184BBFF9002FC13A /* Project object */;
}
